
Microsoft Visual Studio Solution File, Format Version 12.00
# Visual Studio Version 17
VisualStudioVersion = 17.3.32929.385
MinimumVisualStudioVersion = 10.0.40219.1
Project("{FAE04EC0-301F-11D3-BF4B-00C04F79EFBC}") = "lab1thomasbeevers", "lab1thomasbeevers.csproj", "{ABC8B7A7-CA0D-4885-A281-CE772A27C053}"
EndProject
Global
	GlobalSection(SolutionConfigurationPlatforms) = preSolution
		Debug|Any CPU = Debug|Any CPU
		Release|Any CPU = Release|Any CPU
	EndGlobalSection
	GlobalSection(ProjectConfigurationPlatforms) = postSolution
		{ABC8B7A7-CA0D-4885-A281-CE772A27C053}.Debug|Any CPU.ActiveCfg = Debug|Any CPU
		{ABC8B7A7-CA0D-4885-A281-CE772A27C053}.Debug|Any CPU.Build.0 = Debug|Any CPU
		{ABC8B7A7-CA0D-4885-A281-CE772A27C053}.Release|Any CPU.ActiveCfg = Release|Any CPU
		{ABC8B7A7-CA0D-4885-A281-CE772A27C053}.Release|Any CPU.Build.0 = Release|Any CPU
	EndGlobalSection
	GlobalSection(SolutionProperties) = preSolution
		HideSolutionNode = FALSE
	EndGlobalSection
	GlobalSection(ExtensibilityGlobals) = postSolution
		SolutionGuid = {A256EF51-66ED-4BFD-9510-095E14BE757D}
	EndGlobalSection
EndGlobal
